// !$*UTF8*$!
{
	archiveVersion = 1;
	classes = {
	};
	objectVersion = 50;
	objects = {

/* Begin PBXBuildFile section */
		F245F36A27185B4400A56E01 /* AppDelegate.swift in Sources */ = {isa = PBXBuildFile; fileRef = F245F36927185B4400A56E01 /* AppDelegate.swift */; };
		F245F36C27185B4400A56E01 /* SceneDelegate.swift in Sources */ = {isa = PBXBuildFile; fileRef = F245F36B27185B4400A56E01 /* SceneDelegate.swift */; };
		F245F36E27185B4400A56E01 /* ViewController.swift in Sources */ = {isa = PBXBuildFile; fileRef = F245F36D27185B4400A56E01 /* ViewController.swift */; };
		F245F37127185B4400A56E01 /* Main.storyboard in Resources */ = {isa = PBXBuildFile; fileRef = F245F36F27185B4400A56E01 /* Main.storyboard */; };
		F245F37327185B4D00A56E01 /* Assets.xcassets in Resources */ = {isa = PBXBuildFile; fileRef = F245F37227185B4D00A56E01 /* Assets.xcassets */; };
		F245F37627185B4D00A56E01 /* LaunchScreen.storyboard in Resources */ = {isa = PBXBuildFile; fileRef = F245F37427185B4D00A56E01 /* LaunchScreen.storyboard */; };
		F245F38127185B4E00A56E01 /* ZombieZombieTests.swift in Sources */ = {isa = PBXBuildFile; fileRef = F245F38027185B4E00A56E01 /* ZombieZombieTests.swift */; };
		F245F38C27185B4E00A56E01 /* ZombieZombieUITests.swift in Sources */ = {isa = PBXBuildFile; fileRef = F245F38B27185B4E00A56E01 /* ZombieZombieUITests.swift */; };
/* End PBXBuildFile section */

/* Begin PBXContainerItemProxy section */
		F245F37D27185B4E00A56E01 /* PBXContainerItemProxy */ = {
			isa = PBXContainerItemProxy;
			containerPortal = F245F35E27185B4400A56E01 /* Project object */;
			proxyType = 1;
			remoteGlobalIDString = F245F36527185B4400A56E01;
			remoteInfo = ZombieZombie;
		};
		F245F38827185B4E00A56E01 /* PBXContainerItemProxy */ = {
			isa = PBXContainerItemProxy;
			containerPortal = F245F35E27185B4400A56E01 /* Project object */;
			proxyType = 1;
			remoteGlobalIDString = F245F36527185B4400A56E01;
			remoteInfo = ZombieZombie;
		};
/* End PBXContainerItemProxy section */

/* Begin PBXFileReference section */
		F245F36627185B4400A56E01 /* ZombieZombie.app */ = {isa = PBXFileReference; explicitFileType = wrapper.application; includeInIndex = 0; path = ZombieZombie.app; sourceTree = BUILT_PRODUCTS_DIR; };
		F245F36927185B4400A56E01 /* AppDelegate.swift */ = {isa = PBXFileReference; lastKnownFileType = sourcecode.swift; path = AppDelegate.swift; sourceTree = "<group>"; };
		F245F36B27185B4400A56E01 /* SceneDelegate.swift */ = {isa = PBXFileReference; lastKnownFileType = sourcecode.swift; path = SceneDelegate.swift; sourceTree = "<group>"; };
		F245F36D27185B4400A56E01 /* ViewController.swift */ = {isa = PBXFileReference; lastKnownFileType = sourcecode.swift; path = ViewController.swift; sourceTree = "<group>"; };
		F245F37027185B4400A56E01 /* Base */ = {isa = PBXFileReference; lastKnownFileType = file.storyboard; name = Base; path = Base.lproj/Main.storyboard; sourceTree = "<group>"; };
		F245F37227185B4D00A56E01 /* Assets.xcassets */ = {isa = PBXFileReference; lastKnownFileType = folder.assetcatalog; path = Assets.xcassets; sourceTree = "<group>"; };
		F245F37527185B4D00A56E01 /* Base */ = {isa = PBXFileReference; lastKnownFileType = file.storyboard; name = Base; path = Base.lproj/LaunchScreen.storyboard; sourceTree = "<group>"; };
		F245F37727185B4D00A56E01 /* Info.plist */ = {isa = PBXFileReference; lastKnownFileType = text.plist.xml; path = Info.plist; sourceTree = "<group>"; };
		F245F37C27185B4E00A56E01 /* ZombieZombieTests.xctest */ = {isa = PBXFileReference; explicitFileType = wrapper.cfbundle; includeInIndex = 0; path = ZombieZombieTests.xctest; sourceTree = BUILT_PRODUCTS_DIR; };
		F245F38027185B4E00A56E01 /* ZombieZombieTests.swift */ = {isa = PBXFileReference; lastKnownFileType = sourcecode.swift; path = ZombieZombieTests.swift; sourceTree = "<group>"; };
		F245F38227185B4E00A56E01 /* Info.plist */ = {isa = PBXFileReference; lastKnownFileType = text.plist.xml; path = Info.plist; sourceTree = "<group>"; };
		F245F38727185B4E00A56E01 /* ZombieZombieUITests.xctest */ = {isa = PBXFileReference; explicitFileType = wrapper.cfbundle; includeInIndex = 0; path = ZombieZombieUITests.xctest; sourceTree = BUILT_PRODUCTS_DIR; };
		F245F38B27185B4E00A56E01 /* ZombieZombieUITests.swift */ = {isa = PBXFileReference; lastKnownFileType = sourcecode.swift; path = ZombieZombieUITests.swift; sourceTree = "<group>"; };
		F245F38D27185B4E00A56E01 /* Info.plist */ = {isa = PBXFileReference; lastKnownFileType = text.plist.xml; path = Info.plist; sourceTree = "<group>"; };
/* End PBXFileReference section */

/* Begin PBXFrameworksBuildPhase section */
		F245F36327185B4400A56E01 /* Frameworks */ = {
			isa = PBXFrameworksBuildPhase;
			buildActionMask = 2147483647;
			files = (
			);
			runOnlyForDeploymentPostprocessing = 0;
		};
		F245F37927185B4E00A56E01 /* Frameworks */ = {
			isa = PBXFrameworksBuildPhase;
			buildActionMask = 2147483647;
			files = (
			);
			runOnlyForDeploymentPostprocessing = 0;
		};
		F245F38427185B4E00A56E01 /* Frameworks */ = {
			isa = PBXFrameworksBuildPhase;
			buildActionMask = 2147483647;
			files = (
			);
			runOnlyForDeploymentPostprocessing = 0;
		};
/* End PBXFrameworksBuildPhase section */

/* Begin PBXGroup section */
		F245F35D27185B4400A56E01 = {
			isa = PBXGroup;
			children = (
				F245F36827185B4400A56E01 /* ZombieZombie */,
				F245F37F27185B4E00A56E01 /* ZombieZombieTests */,
				F245F38A27185B4E00A56E01 /* ZombieZombieUITests */,
				F245F36727185B4400A56E01 /* Products */,
			);
			sourceTree = "<group>";
		};
		F245F36727185B4400A56E01 /* Products */ = {
			isa = PBXGroup;
			children = (
				F245F36627185B4400A56E01 /* ZombieZombie.app */,
				F245F37C27185B4E00A56E01 /* ZombieZombieTests.xctest */,
				F245F38727185B4E00A56E01 /* ZombieZombieUITests.xctest */,
			);
			name = Products;
			sourceTree = "<group>";
		};
		F245F36827185B4400A56E01 /* ZombieZombie */ = {
			isa = PBXGroup;
			children = (
				F245F36927185B4400A56E01 /* AppDelegate.swift */,
				F245F36B27185B4400A56E01 /* SceneDelegate.swift */,
				F245F36D27185B4400A56E01 /* ViewController.swift */,
				F245F36F27185B4400A56E01 /* Main.storyboard */,
				F245F37227185B4D00A56E01 /* Assets.xcassets */,
				F245F37427185B4D00A56E01 /* LaunchScreen.storyboard */,
				F245F37727185B4D00A56E01 /* Info.plist */,
			);
			path = ZombieZombie;
			sourceTree = "<group>";
		};
		F245F37F27185B4E00A56E01 /* ZombieZombieTests */ = {
			isa = PBXGroup;
			children = (
				F245F38027185B4E00A56E01 /* ZombieZombieTests.swift */,
				F245F38227185B4E00A56E01 /* Info.plist */,
			);
			path = ZombieZombieTests;
			sourceTree = "<group>";
		};
		F245F38A27185B4E00A56E01 /* ZombieZombieUITests */ = {
			isa = PBXGroup;
			children = (
				F245F38B27185B4E00A56E01 /* ZombieZombieUITests.swift */,
				F245F38D27185B4E00A56E01 /* Info.plist */,
			);
			path = ZombieZombieUITests;
			sourceTree = "<group>";
		};
/* End PBXGroup section */

/* Begin PBXNativeTarget section */
		F245F36527185B4400A56E01 /* ZombieZombie */ = {
			isa = PBXNativeTarget;
			buildConfigurationList = F245F39027185B4E00A56E01 /* Build configuration list for PBXNativeTarget "ZombieZombie" */;
			buildPhases = (
				F245F36227185B4400A56E01 /* Sources */,
				F245F36327185B4400A56E01 /* Frameworks */,
				F245F36427185B4400A56E01 /* Resources */,
			);
			buildRules = (
			);
			dependencies = (
			);
			name = ZombieZombie;
			productName = ZombieZombie;
			productReference = F245F36627185B4400A56E01 /* ZombieZombie.app */;
			productType = "com.apple.product-type.application";
		};
		F245F37B27185B4E00A56E01 /* ZombieZombieTests */ = {
			isa = PBXNativeTarget;
			buildConfigurationList = F245F39327185B4E00A56E01 /* Build configuration list for PBXNativeTarget "ZombieZombieTests" */;
			buildPhases = (
				F245F37827185B4E00A56E01 /* Sources */,
				F245F37927185B4E00A56E01 /* Frameworks */,
				F245F37A27185B4E00A56E01 /* Resources */,
			);
			buildRules = (
			);
			dependencies = (
				F245F37E27185B4E00A56E01 /* PBXTargetDependency */,
			);
			name = ZombieZombieTests;
			productName = ZombieZombieTests;
			productReference = F245F37C27185B4E00A56E01 /* ZombieZombieTests.xctest */;
			productType = "com.apple.product-type.bundle.unit-test";
		};
		F245F38627185B4E00A56E01 /* ZombieZombieUITests */ = {
			isa = PBXNativeTarget;
			buildConfigurationList = F245F39627185B4E00A56E01 /* Build configuration list for PBXNativeTarget "ZombieZombieUITests" */;
			buildPhases = (
				F245F38327185B4E00A56E01 /* Sources */,
				F245F38427185B4E00A56E01 /* Frameworks */,
				F245F38527185B4E00A56E01 /* Resources */,
			);
			buildRules = (
			);
			dependencies = (
				F245F38927185B4E00A56E01 /* PBXTargetDependency */,
			);
			name = ZombieZombieUITests;
			productName = ZombieZombieUITests;
			productReference = F245F38727185B4E00A56E01 /* ZombieZombieUITests.xctest */;
			productType = "com.apple.product-type.bundle.ui-testing";
		};
/* End PBXNativeTarget section */

/* Begin PBXProject section */
		F245F35E27185B4400A56E01 /* Project object */ = {
			isa = PBXProject;
			attributes = {
				LastSwiftUpdateCheck = 1240;
				LastUpgradeCheck = 1240;
				TargetAttributes = {
					F245F36527185B4400A56E01 = {
						CreatedOnToolsVersion = 12.4;
					};
					F245F37B27185B4E00A56E01 = {
						CreatedOnToolsVersion = 12.4;
						TestTargetID = F245F36527185B4400A56E01;
					};
					F245F38627185B4E00A56E01 = {
						CreatedOnToolsVersion = 12.4;
						TestTargetID = F245F36527185B4400A56E01;
					};
				};
			};
			buildConfigurationList = F245F36127185B4400A56E01 /* Build configuration list for PBXProject "ZombieZombie" */;
			compatibilityVersion = "Xcode 9.3";
			developmentRegion = en;
			hasScannedForEncodings = 0;
			knownRegions = (
				en,
				Base,
			);
			mainGroup = F245F35D27185B4400A56E01;
			productRefGroup = F245F36727185B4400A56E01 /* Products */;
			projectDirPath = "";
			projectRoot = "";
			targets = (
				F245F36527185B4400A56E01 /* ZombieZombie */,
				F245F37B27185B4E00A56E01 /* ZombieZombieTests */,
				F245F38627185B4E00A56E01 /* ZombieZombieUITests */,
			);
		};
/* End PBXProject section */

/* Begin PBXResourcesBuildPhase section */
		F245F36427185B4400A56E01 /* Resources */ = {
			isa = PBXResourcesBuildPhase;
			buildActionMask = 2147483647;
			files = (
				F245F37627185B4D00A56E01 /* LaunchScreen.storyboard in Resources */,
				F245F37327185B4D00A56E01 /* Assets.xcassets in Resources */,
				F245F37127185B4400A56E01 /* Main.storyboard in Resources */,
			);
			runOnlyForDeploymentPostprocessing = 0;
		};
		F245F37A27185B4E00A56E01 /* Resources */ = {
			isa = PBXResourcesBuildPhase;
			buildActionMask = 2147483647;
			files = (
			);
			runOnlyForDeploymentPostprocessing = 0;
		};
		F245F38527185B4E00A56E01 /* Resources */ = {
			isa = PBXResourcesBuildPhase;
			buildActionMask = 2147483647;
			files = (
			);
			runOnlyForDeploymentPostprocessing = 0;
		};
/* End PBXResourcesBuildPhase section */

/* Begin PBXSourcesBuildPhase section */
		F245F36227185B4400A56E01 /* Sources */ = {
			isa = PBXSourcesBuildPhase;
			buildActionMask = 2147483647;
			files = (
				F245F36E27185B4400A56E01 /* ViewController.swift in Sources */,
				F245F36A27185B4400A56E01 /* AppDelegate.swift in Sources */,
				F245F36C27185B4400A56E01 /* SceneDelegate.swift in Sources */,
			);
			runOnlyForDeploymentPostprocessing = 0;
		};
		F245F37827185B4E00A56E01 /* Sources */ = {
			isa = PBXSourcesBuildPhase;
			buildActionMask = 2147483647;
			files = (
				F245F38127185B4E00A56E01 /* ZombieZombieTests.swift in Sources */,
			);
			runOnlyForDeploymentPostprocessing = 0;
		};
		F245F38327185B4E00A56E01 /* Sources */ = {
			isa = PBXSourcesBuildPhase;
			buildActionMask = 2147483647;
			files = (
				F245F38C27185B4E00A56E01 /* ZombieZombieUITests.swift in Sources */,
			);
			runOnlyForDeploymentPostprocessing = 0;
		};
/* End PBXSourcesBuildPhase section */

/* Begin PBXTargetDependency section */
		F245F37E27185B4E00A56E01 /* PBXTargetDependency */ = {
			isa = PBXTargetDependency;
			target = F245F36527185B4400A56E01 /* ZombieZombie */;
			targetProxy = F245F37D27185B4E00A56E01 /* PBXContainerItemProxy */;
		};
		F245F38927185B4E00A56E01 /* PBXTargetDependency */ = {
			isa = PBXTargetDependency;
			target = F245F36527185B4400A56E01 /* ZombieZombie */;
			targetProxy = F245F38827185B4E00A56E01 /* PBXContainerItemProxy */;
		};
/* End PBXTargetDependency section */

/* Begin PBXVariantGroup section */
		F245F36F27185B4400A56E01 /* Main.storyboard */ = {
			isa = PBXVariantGroup;
			children = (
				F245F37027185B4400A56E01 /* Base */,
			);
			name = Main.storyboard;
			sourceTree = "<group>";
		};
		F245F37427185B4D00A56E01 /* LaunchScreen.storyboard */ = {
			isa = PBXVariantGroup;
			children = (
				F245F37527185B4D00A56E01 /* Base */,
			);
			name = LaunchScreen.storyboard;
			sourceTree = "<group>";
		};
/* End PBXVariantGroup section */

/* Begin XCBuildConfiguration section */
		F245F38E27185B4E00A56E01 /* Debug */ = {
			isa = XCBuildConfiguration;
			buildSettings = {
				ALWAYS_SEARCH_USER_PATHS = NO;
				CLANG_ANALYZER_NONNULL = YES;
				CLANG_ANALYZER_NUMBER_OBJECT_CONVERSION = YES_AGGRESSIVE;
				CLANG_CXX_LANGUAGE_STANDARD = "gnu++14";
				CLANG_CXX_LIBRARY = "libc++";
				CLANG_ENABLE_MODULES = YES;
				CLANG_ENABLE_OBJC_ARC = YES;
				CLANG_ENABLE_OBJC_WEAK = YES;
				CLANG_WARN_BLOCK_CAPTURE_AUTORELEASING = YES;
				CLANG_WARN_BOOL_CONVERSION = YES;
				CLANG_WARN_COMMA = YES;
				CLANG_WARN_CONSTANT_CONVERSION = YES;
				CLANG_WARN_DEPRECATED_OBJC_IMPLEMENTATIONS = YES;
				CLANG_WARN_DIRECT_OBJC_ISA_USAGE = YES_ERROR;
				CLANG_WARN_DOCUMENTATION_COMMENTS = YES;
				CLANG_WARN_EMPTY_BODY = YES;
				CLANG_WARN_ENUM_CONVERSION = YES;
				CLANG_WARN_INFINITE_RECURSION = YES;
				CLANG_WARN_INT_CONVERSION = YES;
				CLANG_WARN_NON_LITERAL_NULL_CONVERSION = YES;
				CLANG_WARN_OBJC_IMPLICIT_RETAIN_SELF = YES;
				CLANG_WARN_OBJC_LITERAL_CONVERSION = YES;
				CLANG_WARN_OBJC_ROOT_CLASS = YES_ERROR;
				CLANG_WARN_QUOTED_INCLUDE_IN_FRAMEWORK_HEADER = YES;
				CLANG_WARN_RANGE_LOOP_ANALYSIS = YES;
				CLANG_WARN_STRICT_PROTOTYPES = YES;
				CLANG_WARN_SUSPICIOUS_MOVE = YES;
				CLANG_WARN_UNGUARDED_AVAILABILITY = YES_AGGRESSIVE;
				CLANG_WARN_UNREACHABLE_CODE = YES;
				CLANG_WARN__DUPLICATE_METHOD_MATCH = YES;
				COPY_PHASE_STRIP = NO;
				DEBUG_INFORMATION_FORMAT = dwarf;
				ENABLE_STRICT_OBJC_MSGSEND = YES;
				ENABLE_TESTABILITY = YES;
				GCC_C_LANGUAGE_STANDARD = gnu11;
				GCC_DYNAMIC_NO_PIC = NO;
				GCC_NO_COMMON_BLOCKS = YES;
				GCC_OPTIMIZATION_LEVEL = 0;
				GCC_PREPROCESSOR_DEFINITIONS = (
					"DEBUG=1",
					"$(inherited)",
				);
				GCC_WARN_64_TO_32_BIT_CONVERSION = YES;
				GCC_WARN_ABOUT_RETURN_TYPE = YES_ERROR;
				GCC_WARN_UNDECLARED_SELECTOR = YES;
				GCC_WARN_UNINITIALIZED_AUTOS = YES_AGGRESSIVE;
				GCC_WARN_UNUSED_FUNCTION = YES;
				GCC_WARN_UNUSED_VARIABLE = YES;
				IPHONEOS_DEPLOYMENT_TARGET = 14.4;
				MTL_ENABLE_DEBUG_INFO = INCLUDE_SOURCE;
				MTL_FAST_MATH = YES;
				ONLY_ACTIVE_ARCH = YES;
				SDKROOT = iphoneos;
				SWIFT_ACTIVE_COMPILATION_CONDITIONS = DEBUG;
				SWIFT_OPTIMIZATION_LEVEL = "-Onone";
			};
			name = Debug;
		};
		F245F38F27185B4E00A56E01 /* Release */ = {
			isa = XCBuildConfiguration;
			buildSettings = {
				ALWAYS_SEARCH_USER_PATHS = NO;
				CLANG_ANALYZER_NONNULL = YES;
				CLANG_ANALYZER_NUMBER_OBJECT_CONVERSION = YES_AGGRESSIVE;
				CLANG_CXX_LANGUAGE_STANDARD = "gnu++14";
				CLANG_CXX_LIBRARY = "libc++";
				CLANG_ENABLE_MODULES = YES;
				CLANG_ENABLE_OBJC_ARC = YES;
				CLANG_ENABLE_OBJC_WEAK = YES;
				CLANG_WARN_BLOCK_CAPTURE_AUTORELEASING = YES;
				CLANG_WARN_BOOL_CONVERSION = YES;
				CLANG_WARN_COMMA = YES;
				CLANG_WARN_CONSTANT_CONVERSION = YES;
				CLANG_WARN_DEPRECATED_OBJC_IMPLEMENTATIONS = YES;
				CLANG_WARN_DIRECT_OBJC_ISA_USAGE = YES_ERROR;
				CLANG_WARN_DOCUMENTATION_COMMENTS = YES;
				CLANG_WARN_EMPTY_BODY = YES;
				CLANG_WARN_ENUM_CONVERSION = YES;
				CLANG_WARN_INFINITE_RECURSION = YES;
				CLANG_WARN_INT_CONVERSION = YES;
				CLANG_WARN_NON_LITERAL_NULL_CONVERSION = YES;
				CLANG_WARN_OBJC_IMPLICIT_RETAIN_SELF = YES;
				CLANG_WARN_OBJC_LITERAL_CONVERSION = YES;
				CLANG_WARN_OBJC_ROOT_CLASS = YES_ERROR;
				CLANG_WARN_QUOTED_INCLUDE_IN_FRAMEWORK_HEADER = YES;
				CLANG_WARN_RANGE_LOOP_ANALYSIS = YES;
				CLANG_WARN_STRICT_PROTOTYPES = YES;
				CLANG_WARN_SUSPICIOUS_MOVE = YES;
				CLANG_WARN_UNGUARDED_AVAILABILITY = YES_AGGRESSIVE;
				CLANG_WARN_UNREACHABLE_CODE = YES;
				CLANG_WARN__DUPLICATE_METHOD_MATCH = YES;
				COPY_PHASE_STRIP = NO;
				DEBUG_INFORMATION_FORMAT = "dwarf-with-dsym";
				ENABLE_NS_ASSERTIONS = NO;
				ENABLE_STRICT_OBJC_MSGSEND = YES;
				GCC_C_LANGUAGE_STANDARD = gnu11;
				GCC_NO_COMMON_BLOCKS = YES;
				GCC_WARN_64_TO_32_BIT_CONVERSION = YES;
				GCC_WARN_ABOUT_RETURN_TYPE = YES_ERROR;
				GCC_WARN_UNDECLARED_SELECTOR = YES;
				GCC_WARN_UNINITIALIZED_AUTOS = YES_AGGRESSIVE;
				GCC_WARN_UNUSED_FUNCTION = YES;
				GCC_WARN_UNUSED_VARIABLE = YES;
				IPHONEOS_DEPLOYMENT_TARGET = 14.4;
				MTL_ENABLE_DEBUG_INFO = NO;
				MTL_FAST_MATH = YES;
				SDKROOT = iphoneos;
				SWIFT_COMPILATION_MODE = wholemodule;
				SWIFT_OPTIMIZATION_LEVEL = "-O";
				VALIDATE_PRODUCT = YES;
			};
			name = Release;
		};
		F245F39127185B4E00A56E01 /* Debug */ = {
			isa = XCBuildConfiguration;
			buildSettings = {
				ASSETCATALOG_COMPILER_APPICON_NAME = AppIcon;
				ASSETCATALOG_COMPILER_GLOBAL_ACCENT_COLOR_NAME = AccentColor;
				CODE_SIGN_STYLE = Automatic;
				INFOPLIST_FILE = ZombieZombie/Info.plist;
				LD_RUNPATH_SEARCH_PATHS = (
					"$(inherited)",
					"@executable_path/Frameworks",
				);
				PRODUCT_BUNDLE_IDENTIFIER = com.swca.ZombieZombie;
				PRODUCT_NAME = "$(TARGET_NAME)";
				SWIFT_VERSION = 5.0;
				TARGETED_DEVICE_FAMILY = "1,2";
			};
			name = Debug;
		};
		F245F39227185B4E00A56E01 /* Release */ = {
			isa = XCBuildConfiguration;
			buildSettings = {
				ASSETCATALOG_COMPILER_APPICON_NAME = AppIcon;
				ASSETCATALOG_COMPILER_GLOBAL_ACCENT_COLOR_NAME = AccentColor;
				CODE_SIGN_STYLE = Automatic;
				INFOPLIST_FILE = ZombieZombie/Info.plist;
				LD_RUNPATH_SEARCH_PATHS = (
					"$(inherited)",
					"@executable_path/Frameworks",
				);
				PRODUCT_BUNDLE_IDENTIFIER = com.swca.ZombieZombie;
				PRODUCT_NAME = "$(TARGET_NAME)";
				SWIFT_VERSION = 5.0;
				TARGETED_DEVICE_FAMILY = "1,2";
			};
			name = Release;
		};
		F245F39427185B4E00A56E01 /* Debug */ = {
			isa = XCBuildConfiguration;
			buildSettings = {
				ALWAYS_EMBED_SWIFT_STANDARD_LIBRARIES = YES;
				BUNDLE_LOADER = "$(TEST_HOST)";
				CODE_SIGN_STYLE = Automatic;
				INFOPLIST_FILE = ZombieZombieTests/Info.plist;
				IPHONEOS_DEPLOYMENT_TARGET = 14.4;
				LD_RUNPATH_SEARCH_PATHS = (
					"$(inherited)",
					"@executable_path/Frameworks",
					"@loader_path/Frameworks",
				);
				PRODUCT_BUNDLE_IDENTIFIER = com.swca.ZombieZombieTests;
				PRODUCT_NAME = "$(TARGET_NAME)";
				SWIFT_VERSION = 5.0;
				TARGETED_DEVICE_FAMILY = "1,2";
				TEST_HOST = "$(BUILT_PRODUCTS_DIR)/ZombieZombie.app/ZombieZombie";
			};
			name = Debug;
		};
		F245F39527185B4E00A56E01 /* Release */ = {
			isa = XCBuildConfiguration;
			buildSettings = {
				ALWAYS_EMBED_SWIFT_STANDARD_LIBRARIES = YES;
				BUNDLE_LOADER = "$(TEST_HOST)";
				CODE_SIGN_STYLE = Automatic;
				INFOPLIST_FILE = ZombieZombieTests/Info.plist;
				IPHONEOS_DEPLOYMENT_TARGET = 14.4;
				LD_RUNPATH_SEARCH_PATHS = (
					"$(inherited)",
					"@executable_path/Frameworks",
					"@loader_path/Frameworks",
				);
				PRODUCT_BUNDLE_IDENTIFIER = com.swca.ZombieZombieTests;
				PRODUCT_NAME = "$(TARGET_NAME)";
				SWIFT_VERSION = 5.0;
				TARGETED_DEVICE_FAMILY = "1,2";
				TEST_HOST = "$(BUILT_PRODUCTS_DIR)/ZombieZombie.app/ZombieZombie";
			};
			name = Release;
		};
		F245F39727185B4E00A56E01 /* Debug */ = {
			isa = XCBuildConfiguration;
			buildSettings = {
				ALWAYS_EMBED_SWIFT_STANDARD_LIBRARIES = YES;
				CODE_SIGN_STYLE = Automatic;
				INFOPLIST_FILE = ZombieZombieUITests/Info.plist;
				LD_RUNPATH_SEARCH_PATHS = (
					"$(inherited)",
					"@executable_path/Frameworks",
					"@loader_path/Frameworks",
				);
				PRODUCT_BUNDLE_IDENTIFIER = com.swca.ZombieZombieUITests;
				PRODUCT_NAME = "$(TARGET_NAME)";
				SWIFT_VERSION = 5.0;
				TARGETED_DEVICE_FAMILY = "1,2";
				TEST_TARGET_NAME = ZombieZombie;
			};
			name = Debug;
		};
		F245F39827185B4E00A56E01 /* Release */ = {
			isa = XCBuildConfiguration;
			buildSettings = {
				ALWAYS_EMBED_SWIFT_STANDARD_LIBRARIES = YES;
				CODE_SIGN_STYLE = Automatic;
				INFOPLIST_FILE = ZombieZombieUITests/Info.plist;
				LD_RUNPATH_SEARCH_PATHS = (
					"$(inherited)",
					"@executable_path/Frameworks",
					"@loader_path/Frameworks",
				);
				PRODUCT_BUNDLE_IDENTIFIER = com.swca.ZombieZombieUITests;
				PRODUCT_NAME = "$(TARGET_NAME)";
				SWIFT_VERSION = 5.0;
				TARGETED_DEVICE_FAMILY = "1,2";
				TEST_TARGET_NAME = ZombieZombie;
			};
			name = Release;
		};
/* End XCBuildConfiguration section */

/* Begin XCConfigurationList section */
		F245F36127185B4400A56E01 /* Build configuration list for PBXProject "ZombieZombie" */ = {
			isa = XCConfigurationList;
			buildConfigurations = (
				F245F38E27185B4E00A56E01 /* Debug */,
				F245F38F27185B4E00A56E01 /* Release */,
			);
			defaultConfigurationIsVisible = 0;
			defaultConfigurationName = Release;
		};
		F245F39027185B4E00A56E01 /* Build configuration list for PBXNativeTarget "ZombieZombie" */ = {
			isa = XCConfigurationList;
			buildConfigurations = (
				F245F39127185B4E00A56E01 /* Debug */,
				F245F39227185B4E00A56E01 /* Release */,
			);
			defaultConfigurationIsVisible = 0;
			defaultConfigurationName = Release;
		};
		F245F39327185B4E00A56E01 /* Build configuration list for PBXNativeTarget "ZombieZombieTests" */ = {
			isa = XCConfigurationList;
			buildConfigurations = (
				F245F39427185B4E00A56E01 /* Debug */,
				F245F39527185B4E00A56E01 /* Release */,
			);
			defaultConfigurationIsVisible = 0;
			defaultConfigurationName = Release;
		};
		F245F39627185B4E00A56E01 /* Build configuration list for PBXNativeTarget "ZombieZombieUITests" */ = {
			isa = XCConfigurationList;
			buildConfigurations = (
				F245F39727185B4E00A56E01 /* Debug */,
				F245F39827185B4E00A56E01 /* Release */,
			);
			defaultConfigurationIsVisible = 0;
			defaultConfigurationName = Release;
		};
/* End XCConfigurationList section */
	};
	rootObject = F245F35E27185B4400A56E01 /* Project object */;
}
